# shared values like public url can be put here
shared.server.name=localhost
shared.apache.conf.dir=<doesnot matter for this config>

shared.ldapUrl=ldaps://c2cpc61.camptocamp.com:636
shared.server.port=80

shared.privileged.geoserver.user=<do not commit this>
shared.privileged.geoserver.pass=<do not commit this>

shared.ldap.admin.password=<do not commit>
shared.ldap.baseDn=dc=georchestra,dc=org

shared.c2c.logdir=/tmp/