# build_support/shared.maven.filters
#
# This file is the primary configuration file for your SDI (spatial data infrastructure).
# It overrides the geOrchestra default parameters to suit your SDI environment.
# Secondary configuration files refers to shared.maven.filters parameters using the syntax
# @shared.[parameter.name]@

# --------------------------------------------------
# PUBLIC URL
# --------------------------------------------------

# sets the public address and port of your SDI.
# + example +
# If your server is http://localhost/ on port 80 :
# shared.server.name=localhost
# shared.server.port=80
#
shared.server.name=localhost
shared.server.port=8080

# --------------------------------------------------
# LANGUAGE
# --------------------------------------------------

# sets the language for all modules
# May be one of the following: fr, es, en
# Default value: fr
#
shared.language=fr

# --------------------------------------------------
# LDAP
# --------------------------------------------------

# how geOrchestra should connect to the ldap directory
# + example +
# shared.ldap.host=localhost
# shared.ldap.port=389

shared.ldap.host=localhost
shared.ldap.port=33389

# shared.ldapUrl is automatically computed with the above
# shared.ldap parameters but you may override this setting
#
shared.ldapUrl=ldap://@shared.ldap.host@:@shared.ldap.port@


# how geOrchestra should query the ldap directory.
# shared.ldap.baseDn is the top level of the directory tree
# shared.ldap.userSearchBaseDN is the query filter for users
# shared.ldap.groupSearchBaseDN is the query filter for roles
# shared.ldap.admin.dn is the query filter for the ldap admin user
# shared.ldap.admin.password is the ldap admin user password
# + example +
# shared.ldap.baseDn=dc=georchestra,dc=org
# shared.ldap.userSearchBaseDN=ou=users
# shared.ldap.groupSearchBaseDN=ou=roles
# shared.ldap.admin.dn=cn=admin,@shared.ldap.baseDn@
# shared.ldap.admin.password=secret
#
shared.ldap.baseDn=dc=pigma,dc=org
shared.ldap.userSearchBaseDN=ou=users
shared.ldap.groupSearchBaseDN=ou=roles
shared.ldap.admin.dn=cn=admin,@shared.ldap.baseDn@
shared.ldap.admin.password=secret



# --------------------------------------------------
# GEOSERVER
# --------------------------------------------------

# geOrchestra uses a privileged account to query geoserver
# with full admin privileges.This user MUST exist in the ldap
# directory and MUST belong to the ADMINISTRATOR group.
# + example +
# shared.privileged.geoserver.user=extractorapp_privileged_admin
# shared.privileged.geoserver.pass=gerlsSnFd6SmM
#
shared.privileged.geoserver.user=extractorapp_privileged_admin
shared.privileged.geoserver.pass=gerlsSnFd6SmM


# --------------------------------------------------
# SMTP / Emails
# --------------------------------------------------

# geOrchestra send notification mails about pending
# and completed extraction requests. Use the following parameters
# according to your platform smtp gateway
# + example +
# shared.smtp.host=localhost
# shared.smtp.port=25
# shared.email.replyTo=psc\@georchestra.org
# shared.email.from=psc\@georchestra.org
#
shared.smtp.host=localhost
shared.smtp.port=25

# for emails sent by extractorapp:
shared.email.replyTo=psc\@georchestra.org
shared.email.from=psc\@georchestra.org

# the following email receives new account requests if ldapadmin
# is configured with moderatedSignup = true (which is the default)
shared.administrator.email=psc\@georchestra.org

# send notification mails in HTML ?
# Defaults to: false (ie. plain text emails)
# If you change this value to true, you should also modify the emails
# templates in order to have full HTML emails.
shared.email.html=false



# --------------------------------------------------
# LOGFILES
# --------------------------------------------------

# geOrchestra redirects logs to the shared.log.dir directory.
# This directory must exist and must be writeable by the tomcat user
# + example +
# shared.log.dir=/var/log/tomcat8
#
# Here we use /tmp because we want to prevent this kind of error 
# http://applis-bretagne.fr/redmine/issues/4311 when Tomcat is not installed
#
shared.log.dir=e:/tmp


# --------------------------------------------------
# DATABASES
# --------------------------------------------------

# geOrchestra stores some informations in several postgresql database.
# We assume that all databases are hosted on the same pg cluster
# but you may override this setting in the secondary configuration files.
# Make sure that the pg_hba.conf allows connections from the server
# hosting georchestra with the appropriate credentials
# + example +
# shared.psql.host=localhost
# shared.psql.port=5432
# shared.psql.user=www-data
# shared.psql.pass=www-data
#
shared.psql.host=localhost
shared.psql.port=5432
shared.psql.user=www-data
shared.psql.pass=www-data
shared.psql.url=psql://www-data:www-data@localhost/geonetwork


# --------------------------------------------------
# DOWNLOAD FORM
# --------------------------------------------------

# If the downloadform feature is activated,
# useds will be asked to fill a form, read and accept an agreement
# (shared.download_form.pdfurl) prior to any download.
# The downloadform will log every download request in a database,
# see downloadform/sample/sample.sql
# + example +
# shared.download_form.activated=true
# shared.download_form.jdbcurl=jdbc:postgresql://@shared.psql.host@:@shared.psql.port@/downloadform
# shared.download_form.pdfurl=/_static/usage.pdf
# or
# shared.download_form.pdfurl=//url.to/cgu.pdf
#
shared.download_form.activated=true
shared.download_form.jdbcurl=jdbc:postgresql://@shared.psql.host@:@shared.psql.port@/downloadform
shared.download_form.pdfurl=

# --------------------------------------------------
# OGC statistics
# --------------------------------------------------

shared.ogc.statistics.activated=true

# --------------------------------------------------
# health check properties
# --------------------------------------------------

shared.psql.geonetwork.db=geonetwork

# --------------------------------------------------
# TO BE DOCUMENTED
# --------------------------------------------------

shared.tomcat.dir=/var/lib/tomcat8
shared.apache.conf.dir=/dev/null


