# shared values like public url can be put here
shared.server.name=localhost
shared.apache.conf.dir=<doesnot matter for this config>

wfs_ldap_host=c2cpc61.camptocamp.com
shared.ldapUrl=ldaps://@wfs_ldap_host@:636
shared.server.port=80

shared.privileged.geoserver.user=extractorapp_priveleged_admin
shared.privileged.geoserver.pass=uNg9aiFa

shared.ldap.admin.password=uNg9aiFa
shared.ldap.baseDn=dc=georchestra,dc=org

shared.c2c.logdir=/tmp/