# shared values like public url can be put here

shared.instance.name=geOrchestra

shared.url.scheme=https
shared.homepage.url=@shared.url.scheme@://@shared.server.name@/
shared.server.port=443

shared.header.height=90

shared.language=en
shared.geonetwork.language=eng

shared.ldap.host=localhost
shared.ldap.port=636
shared.ldapUrl=ldaps://@shared.ldap.host@:@shared.ldap.port@
shared.ldap.userSearchBaseDN=ou=users
shared.ldap.uid=uid
shared.ldap.userSearchFilter=@shared.ldap.uid@=%u
shared.ldap.roleSearchBaseDN=ou=roles
shared.ldap.orgSearchBaseDN=ou=orgs
shared.ldap.admin.dn=cn=admin,@shared.ldap.baseDn@
shared.ldap.roleSearchFilter=(member=uid={1},@shared.ldap.userSearchBaseDN@,@shared.ldap.baseDn@)
shared.ldap.ldapPendingRoleName=PENDING
shared.ldap.roleRoleAttribute=cn

shared.psql.host=localhost
shared.psql.port=5432
shared.psql.user=www-data
shared.psql.pass=www-data

# Configure GeoNetwork db connection to use Postgresql or PostGIS
# Enable PostGIS using the following (Install PostGIS first)
#shared.psql.jdbc.driver=org.postgis.DriverWrapper
#shared.psql.jdbc.driver.url=postgresql_postGIS
# Postgresql configuration
shared.psql.jdbc.driver=org.postgresql.Driver
shared.psql.jdbc.driver.url=postgresql

shared.log.dir=/var/log/tomcat8
shared.default.log.level=WARN
other.framework.log.level=WARN

shared.smtp.host=localhost
shared.smtp.port=25

shared.email.html=false
shared.email.replyTo=psc\@georchestra.org
shared.email.from=psc\@georchestra.org

shared.administrator.email=psc\@georchestra.org

shared.ogc.statistics.activated=false
shared.ogc.statistics.db=georchestra
shared.ogc.statistics.jdbcurl=jdbc:postgresql://@shared.psql.host@:@shared.psql.port@/@shared.ogc.statistics.db@

shared.console.contextpath=/console
shared.console.db=georchestra
shared.console.jdbcurl=jdbc:postgresql://@shared.psql.host@:@shared.psql.port@/@shared.console.db@
shared.console.warnifuidmodified=true

shared.mapfishapp.db=georchestra
shared.mapfishapp.jdbcurl=jdbc:postgresql://@shared.psql.host@:@shared.psql.port@/@shared.mapfishapp.db@

shared.geonetwork.db=georchestra

shared.geofence.db=georchestra
