# shared values like public url can be put here


shared.server.port=80

shared.ldap.host=localhost
shared.ldap.port=636
shared.ldapUrl=ldaps://@shared.ldap.host@:@shared.ldap.port@
shared.ldap.userSearchBaseDN=ou=users
shared.ldap.userSearchFilter=uid=%u
shared.ldap.groupSearchBaseDN=ou=groups
shared.ldap.admin.dn=cn=admin,@shared.ldap.baseDn@

shared.c2c.tomcat.dir=/srv/tomcat/tomcat1
shared.c2c.logdir=/var/log/tomcat

shared.psql.host=localhost
shared.psql.port=5432
shared.psql.geonetwork.db=geonetwork

shared.psql.user=www-data
shared.psql.pass=www-data
shared.psql.url=jdbc:postgresql://@shared.psql.host@:@shared.psql.port@/@shared.psql.geonetwork.db@

shared.default.log.level=INFO
other.framework.log.level=WARN

shared.smtpHost=mail.camptocamp.com
shared.smtpPort=25

shared.geonetwork.dir=@shared.c2c.tomcat.dir@/work/gn_data