# shared values like public url can be put here
shared.server.port=80

shared.header.height=90

shared.language=fr
geonetwork.language=fre

shared.ldap.host=localhost
shared.ldap.port=636
shared.ldapUrl=ldaps://@shared.ldap.host@:@shared.ldap.port@
shared.ldap.userSearchBaseDN=ou=users
shared.ldap.userSearchFilter=uid=%u
shared.ldap.groupSearchBaseDN=ou=groups
shared.ldap.admin.dn=cn=admin,@shared.ldap.baseDn@

shared.psql.host=localhost
shared.psql.port=5432
shared.psql.user=www-data
shared.psql.pass=www-data

# Configure GeoNetwork db connection to use Postgresql or PostGIS
# Enable PostGIS using the following (Install PostGIS first)
#shared.psql.jdbc.driver=org.postgis.DriverWrapper
#shared.psql.jdbc.driver.url=postgresql_postGIS
# Postgresql configuration
shared.psql.jdbc.driver=org.postgresql.Driver
shared.psql.jdbc.driver.url=postgresql


shared.log.dir=/var/log/tomcat
shared.default.log.level=WARN
other.framework.log.level=WARN

shared.smtpHost=localhost
shared.smtpPort=25
shared.email.replyTo=psc\@georchestra.org
shared.email.from=psc\@georchestra.org

shared.geonetwork.dir=/var/lib/tomcat6/work/gn_data
shared.psql.geonetwork.db=geonetwork
shared.geonetwork.jdbcurl=jdbc:postgresql://@shared.psql.host@:@shared.psql.port@/@shared.psql.geonetwork.db@

shared.ogc.statistics.activated=false
shared.psql.ogc.statistics.db=ogcstatistics
shared.ogc.statistics.jdbcurl=jdbc:postgresql://@shared.psql.host@:@shared.psql.port@/@shared.psql.ogc.statistics.db@

shared.checkhealth.activated=false
shared.psql.checkhealth.db=@shared.psql.geonetwork.db@
shared.checkhealth.max_db_connections=170

shared.download_form.activated=false
shared.download_form.pdf_url=/static/cgu.pdf
shared.psql.download_form.db=downloadform
shared.download_form.jdbcurl=jdbc:postgresql://@shared.psql.host@:@shared.psql.port@/@shared.psql.download_form.db@
