# shared values like public url can be put here
shared.server.name=vm-georchestra
shared.server.port=80

shared.ldap.host=localhost
shared.ldap.port=389
shared.ldapUrl=ldap://@shared.ldap.host@:@shared.ldap.port@
shared.ldap.baseDn=dc=georchestra,dc=org
shared.ldap.userSearchFilter=%u
shared.ldap.userSearchBaseDN=ou=users
shared.ldap.groupSearchBaseDN=ou=groups
shared.ldap.admin.dn=cn=admin,@shared.ldap.baseDn@
shared.ldap.admin.password=secret

shared.privileged.geoserver.user=extractorapp_priveleged_admin
shared.privileged.geoserver.pass=gerlsSnFd6SmM

shared.tomcat.dir=@allshared.c2c.tomcat.dir@
shared.log.dir=@shared.c2c.logdir@
shared.default.log.level=DEBUG
other.framework.log.level=WARN

shared.smtpHost=localhost
shared.smtpPort=25
shared.email.replyTo=extractor-noreply\@georchestra.org
shared.email.from=extractor-noreply\@georchestra.org


shared.psql.host=localhost
shared.psql.port=5432
shared.psql.geonetwork.db=geonetwork
shared.psql.ogc.statistics.db=ogcstatistics
shared.psql.user=www-data
shared.psql.pass=www-data

shared.psql.url=jdbc:postgresql://@shared.psql.host@:@shared.psql.port@/@shared.psql.geonetwork.db@

shared.c2c.tomcat.dir=/srv/tomcat/tomcat1
shared.geonetwork.dir=@shared.c2c.tomcat.dir@/work/gn_data

shared.ogc.statistics.activated=false
shared.download_form.activated=false
shared.download_form.pdf_url=/static/cgu.pdf
shared.download_form.jdbcurl=jdbc:postgresql://@shared.psql.host@:@shared.psql.port@/downloadform
shared.ogcstatistics.jdbcurl=jdbc:postgresql://@shared.psql.host@:@shared.psql.port@/@shared.psql.ogc.statistics.db@
